// !$*UTF8*$!
{
	archiveVersion = 1;
	classes = {
	};
	objectVersion = 46;
	objects = {

/* Begin PBXBuildFile section */
		9C004E051B84B02A003F7E50 /* GBMTabBarButton.m in Sources */ = {isa = PBXBuildFile; fileRef = 9C004E041B84B02A003F7E50 /* GBMTabBarButton.m */; };
		9C004E3A1B84B5C4003F7E50 /* GBMTabBarViewController.m in Sources */ = {isa = PBXBuildFile; fileRef = 9C004E391B84B5C4003F7E50 /* GBMTabBarViewController.m */; };
		9C39E07C1B83697B00BC84C5 /* Main.storyboard in Resources */ = {isa = PBXBuildFile; fileRef = 9C39E07B1B83697B00BC84C5 /* Main.storyboard */; };
		9C41AD011B82BD3B00944CF8 /* main.m in Sources */ = {isa = PBXBuildFile; fileRef = 9C41AD001B82BD3B00944CF8 /* main.m */; };
		9C41AD041B82BD3B00944CF8 /* AppDelegate.m in Sources */ = {isa = PBXBuildFile; fileRef = 9C41AD031B82BD3B00944CF8 /* AppDelegate.m */; };
		9C41AD0C1B82BD3B00944CF8 /* Images.xcassets in Resources */ = {isa = PBXBuildFile; fileRef = 9C41AD0B1B82BD3B00944CF8 /* Images.xcassets */; };
		9C41AD0F1B82BD3B00944CF8 /* LaunchScreen.xib in Resources */ = {isa = PBXBuildFile; fileRef = 9C41AD0D1B82BD3B00944CF8 /* LaunchScreen.xib */; };
		9C41AD1B1B82BD3B00944CF8 /* GeekBank150010Tests.m in Sources */ = {isa = PBXBuildFile; fileRef = 9C41AD1A1B82BD3B00944CF8 /* GeekBank150010Tests.m */; };
		9C41AD2B1B82BF0E00944CF8 /* GBMSquareDataModel.m in Sources */ = {isa = PBXBuildFile; fileRef = 9C41AD2A1B82BF0E00944CF8 /* GBMSquareDataModel.m */; };
		9C41AD2E1B82BF6B00944CF8 /* GBMSquareData.m in Sources */ = {isa = PBXBuildFile; fileRef = 9C41AD2D1B82BF6B00944CF8 /* GBMSquareData.m */; };
		9C41AD321B82BFFE00944CF8 /* GBMSquareCollectionView.m in Sources */ = {isa = PBXBuildFile; fileRef = 9C41AD311B82BFFE00944CF8 /* GBMSquareCollectionView.m */; };
		9C41AD381B82C08000944CF8 /* GBMCameraButton.m in Sources */ = {isa = PBXBuildFile; fileRef = 9C41AD371B82C08000944CF8 /* GBMCameraButton.m */; };
		9C41AD3F1B82C13500944CF8 /* GBMSquareViewController.m in Sources */ = {isa = PBXBuildFile; fileRef = 9C41AD3E1B82C13500944CF8 /* GBMSquareViewController.m */; };
		9C4C597E1B860D0B008738BF /* GBMSquareTableViewController.m in Sources */ = {isa = PBXBuildFile; fileRef = 9C4C597D1B860D0B008738BF /* GBMSquareTableViewController.m */; };
/* End PBXBuildFile section */

/* Begin PBXContainerItemProxy section */
		9C41AD151B82BD3B00944CF8 /* PBXContainerItemProxy */ = {
			isa = PBXContainerItemProxy;
			containerPortal = 9C41ACF31B82BD3B00944CF8 /* Project object */;
			proxyType = 1;
			remoteGlobalIDString = 9C41ACFA1B82BD3B00944CF8;
			remoteInfo = GeekBank150010;
		};
/* End PBXContainerItemProxy section */

/* Begin PBXFileReference section */
		9C004E031B84B02A003F7E50 /* GBMTabBarButton.h */ = {isa = PBXFileReference; fileEncoding = 4; lastKnownFileType = sourcecode.c.h; name = GBMTabBarButton.h; path = Classes/Views/GBMTabBarButton.h; sourceTree = "<group>"; };
		9C004E041B84B02A003F7E50 /* GBMTabBarButton.m */ = {isa = PBXFileReference; fileEncoding = 4; lastKnownFileType = sourcecode.c.objc; name = GBMTabBarButton.m; path = Classes/Views/GBMTabBarButton.m; sourceTree = "<group>"; };
		9C004E381B84B5C4003F7E50 /* GBMTabBarViewController.h */ = {isa = PBXFileReference; fileEncoding = 4; lastKnownFileType = sourcecode.c.h; name = GBMTabBarViewController.h; path = Classes/Controllers/GBMTabBarViewController.h; sourceTree = "<group>"; };
		9C004E391B84B5C4003F7E50 /* GBMTabBarViewController.m */ = {isa = PBXFileReference; fileEncoding = 4; lastKnownFileType = sourcecode.c.objc; name = GBMTabBarViewController.m; path = Classes/Controllers/GBMTabBarViewController.m; sourceTree = "<group>"; };
		9C39E07B1B83697B00BC84C5 /* Main.storyboard */ = {isa = PBXFileReference; fileEncoding = 4; lastKnownFileType = file.storyboard; path = Main.storyboard; sourceTree = "<group>"; };
		9C41ACFB1B82BD3B00944CF8 /* GeekBank150010.app */ = {isa = PBXFileReference; explicitFileType = wrapper.application; includeInIndex = 0; path = GeekBank150010.app; sourceTree = BUILT_PRODUCTS_DIR; };
		9C41ACFF1B82BD3B00944CF8 /* Info.plist */ = {isa = PBXFileReference; lastKnownFileType = text.plist.xml; path = Info.plist; sourceTree = "<group>"; };
		9C41AD001B82BD3B00944CF8 /* main.m */ = {isa = PBXFileReference; lastKnownFileType = sourcecode.c.objc; path = main.m; sourceTree = "<group>"; };
		9C41AD021B82BD3B00944CF8 /* AppDelegate.h */ = {isa = PBXFileReference; lastKnownFileType = sourcecode.c.h; path = AppDelegate.h; sourceTree = "<group>"; };
		9C41AD031B82BD3B00944CF8 /* AppDelegate.m */ = {isa = PBXFileReference; lastKnownFileType = sourcecode.c.objc; path = AppDelegate.m; sourceTree = "<group>"; };
		9C41AD0B1B82BD3B00944CF8 /* Images.xcassets */ = {isa = PBXFileReference; lastKnownFileType = folder.assetcatalog; path = Images.xcassets; sourceTree = "<group>"; };
		9C41AD0E1B82BD3B00944CF8 /* Base */ = {isa = PBXFileReference; lastKnownFileType = file.xib; name = Base; path = Base.lproj/LaunchScreen.xib; sourceTree = "<group>"; };
		9C41AD141B82BD3B00944CF8 /* GeekBank150010Tests.xctest */ = {isa = PBXFileReference; explicitFileType = wrapper.cfbundle; includeInIndex = 0; path = GeekBank150010Tests.xctest; sourceTree = BUILT_PRODUCTS_DIR; };
		9C41AD191B82BD3B00944CF8 /* Info.plist */ = {isa = PBXFileReference; lastKnownFileType = text.plist.xml; path = Info.plist; sourceTree = "<group>"; };
		9C41AD1A1B82BD3B00944CF8 /* GeekBank150010Tests.m */ = {isa = PBXFileReference; lastKnownFileType = sourcecode.c.objc; path = GeekBank150010Tests.m; sourceTree = "<group>"; };
		9C41AD291B82BF0E00944CF8 /* GBMSquareDataModel.h */ = {isa = PBXFileReference; fileEncoding = 4; lastKnownFileType = sourcecode.c.h; name = GBMSquareDataModel.h; path = Classes/Models/GBMSquareDataModel.h; sourceTree = "<group>"; };
		9C41AD2A1B82BF0E00944CF8 /* GBMSquareDataModel.m */ = {isa = PBXFileReference; fileEncoding = 4; lastKnownFileType = sourcecode.c.objc; name = GBMSquareDataModel.m; path = Classes/Models/GBMSquareDataModel.m; sourceTree = "<group>"; };
		9C41AD2C1B82BF6B00944CF8 /* GBMSquareData.h */ = {isa = PBXFileReference; fileEncoding = 4; lastKnownFileType = sourcecode.c.h; name = GBMSquareData.h; path = Classes/Parsers/GBMSquareData.h; sourceTree = "<group>"; };
		9C41AD2D1B82BF6B00944CF8 /* GBMSquareData.m */ = {isa = PBXFileReference; fileEncoding = 4; lastKnownFileType = sourcecode.c.objc; name = GBMSquareData.m; path = Classes/Parsers/GBMSquareData.m; sourceTree = "<group>"; };
		9C41AD301B82BFFE00944CF8 /* GBMSquareCollectionView.h */ = {isa = PBXFileReference; fileEncoding = 4; lastKnownFileType = sourcecode.c.h; name = GBMSquareCollectionView.h; path = Classes/Views/GBMSquareCollectionView.h; sourceTree = "<group>"; };
		9C41AD311B82BFFE00944CF8 /* GBMSquareCollectionView.m */ = {isa = PBXFileReference; fileEncoding = 4; lastKnownFileType = sourcecode.c.objc; name = GBMSquareCollectionView.m; path = Classes/Views/GBMSquareCollectionView.m; sourceTree = "<group>"; };
		9C41AD361B82C07F00944CF8 /* GBMCameraButton.h */ = {isa = PBXFileReference; fileEncoding = 4; lastKnownFileType = sourcecode.c.h; name = GBMCameraButton.h; path = Classes/Views/GBMCameraButton.h; sourceTree = "<group>"; };
		9C41AD371B82C08000944CF8 /* GBMCameraButton.m */ = {isa = PBXFileReference; fileEncoding = 4; lastKnownFileType = sourcecode.c.objc; name = GBMCameraButton.m; path = Classes/Views/GBMCameraButton.m; sourceTree = "<group>"; };
		9C41AD3D1B82C13500944CF8 /* GBMSquareViewController.h */ = {isa = PBXFileReference; fileEncoding = 4; lastKnownFileType = sourcecode.c.h; name = GBMSquareViewController.h; path = Classes/Controllers/GBMSquareViewController.h; sourceTree = "<group>"; };
		9C41AD3E1B82C13500944CF8 /* GBMSquareViewController.m */ = {isa = PBXFileReference; fileEncoding = 4; lastKnownFileType = sourcecode.c.objc; name = GBMSquareViewController.m; path = Classes/Controllers/GBMSquareViewController.m; sourceTree = "<group>"; };
		9C4C597C1B860D0B008738BF /* GBMSquareTableViewController.h */ = {isa = PBXFileReference; fileEncoding = 4; lastKnownFileType = sourcecode.c.h; name = GBMSquareTableViewController.h; path = Classes/Controllers/GBMSquareTableViewController.h; sourceTree = "<group>"; };
		9C4C597D1B860D0B008738BF /* GBMSquareTableViewController.m */ = {isa = PBXFileReference; fileEncoding = 4; lastKnownFileType = sourcecode.c.objc; name = GBMSquareTableViewController.m; path = Classes/Controllers/GBMSquareTableViewController.m; sourceTree = "<group>"; };
/* End PBXFileReference section */

/* Begin PBXFrameworksBuildPhase section */
		9C41ACF81B82BD3B00944CF8 /* Frameworks */ = {
			isa = PBXFrameworksBuildPhase;
			buildActionMask = 2147483647;
			files = (
			);
			runOnlyForDeploymentPostprocessing = 0;
		};
		9C41AD111B82BD3B00944CF8 /* Frameworks */ = {
			isa = PBXFrameworksBuildPhase;
			buildActionMask = 2147483647;
			files = (
			);
			runOnlyForDeploymentPostprocessing = 0;
		};
/* End PBXFrameworksBuildPhase section */

/* Begin PBXGroup section */
		9C41ACF21B82BD3B00944CF8 = {
			isa = PBXGroup;
			children = (
				9C41ACFD1B82BD3B00944CF8 /* GeekBank150010 */,
				9C41AD171B82BD3B00944CF8 /* GeekBank150010Tests */,
				9C41ACFC1B82BD3B00944CF8 /* Products */,
			);
			sourceTree = "<group>";
		};
		9C41ACFC1B82BD3B00944CF8 /* Products */ = {
			isa = PBXGroup;
			children = (
				9C41ACFB1B82BD3B00944CF8 /* GeekBank150010.app */,
				9C41AD141B82BD3B00944CF8 /* GeekBank150010Tests.xctest */,
			);
			name = Products;
			sourceTree = "<group>";
		};
		9C41ACFD1B82BD3B00944CF8 /* GeekBank150010 */ = {
			isa = PBXGroup;
			children = (
				9C41AD241B82BDF600944CF8 /* Classes */,
				9C41AD261B82BE4C00944CF8 /* Resources */,
				9C41ACFE1B82BD3B00944CF8 /* Supporting Files */,
			);
			path = GeekBank150010;
			sourceTree = "<group>";
		};
		9C41ACFE1B82BD3B00944CF8 /* Supporting Files */ = {
			isa = PBXGroup;
			children = (
				9C41ACFF1B82BD3B00944CF8 /* Info.plist */,
				9C41AD001B82BD3B00944CF8 /* main.m */,
			);
			name = "Supporting Files";
			sourceTree = "<group>";
		};
		9C41AD171B82BD3B00944CF8 /* GeekBank150010Tests */ = {
			isa = PBXGroup;
			children = (
				9C41AD1A1B82BD3B00944CF8 /* GeekBank150010Tests.m */,
				9C41AD181B82BD3B00944CF8 /* Supporting Files */,
			);
			path = GeekBank150010Tests;
			sourceTree = "<group>";
		};
		9C41AD181B82BD3B00944CF8 /* Supporting Files */ = {
			isa = PBXGroup;
			children = (
				9C41AD191B82BD3B00944CF8 /* Info.plist */,
			);
			name = "Supporting Files";
			sourceTree = "<group>";
		};
		9C41AD241B82BDF600944CF8 /* Classes */ = {
			isa = PBXGroup;
			children = (
				9C41AD3C1B82C0F500944CF8 /* Controllers */,
				9C41AD2F1B82BFB500944CF8 /* Views */,
				9C41AD281B82BED000944CF8 /* Models */,
				9C41AD271B82BE9300944CF8 /* Parsers */,
				9C41AD251B82BE0200944CF8 /* AppDelegate */,
			);
			name = Classes;
			sourceTree = "<group>";
		};
		9C41AD251B82BE0200944CF8 /* AppDelegate */ = {
			isa = PBXGroup;
			children = (
				9C41AD021B82BD3B00944CF8 /* AppDelegate.h */,
				9C41AD031B82BD3B00944CF8 /* AppDelegate.m */,
			);
			name = AppDelegate;
			sourceTree = "<group>";
		};
		9C41AD261B82BE4C00944CF8 /* Resources */ = {
			isa = PBXGroup;
			children = (
				9C41AD0B1B82BD3B00944CF8 /* Images.xcassets */,
				9C41AD0D1B82BD3B00944CF8 /* LaunchScreen.xib */,
				9C39E07B1B83697B00BC84C5 /* Main.storyboard */,
			);
			name = Resources;
			sourceTree = "<group>";
		};
		9C41AD271B82BE9300944CF8 /* Parsers */ = {
			isa = PBXGroup;
			children = (
				9C41AD2C1B82BF6B00944CF8 /* GBMSquareData.h */,
				9C41AD2D1B82BF6B00944CF8 /* GBMSquareData.m */,
			);
			name = Parsers;
			sourceTree = "<group>";
		};
		9C41AD281B82BED000944CF8 /* Models */ = {
			isa = PBXGroup;
			children = (
				9C41AD291B82BF0E00944CF8 /* GBMSquareDataModel.h */,
				9C41AD2A1B82BF0E00944CF8 /* GBMSquareDataModel.m */,
			);
			name = Models;
			sourceTree = "<group>";
		};
		9C41AD2F1B82BFB500944CF8 /* Views */ = {
			isa = PBXGroup;
			children = (
				9C41AD301B82BFFE00944CF8 /* GBMSquareCollectionView.h */,
				9C41AD311B82BFFE00944CF8 /* GBMSquareCollectionView.m */,
				9C004E031B84B02A003F7E50 /* GBMTabBarButton.h */,
				9C004E041B84B02A003F7E50 /* GBMTabBarButton.m */,
				9C41AD361B82C07F00944CF8 /* GBMCameraButton.h */,
				9C41AD371B82C08000944CF8 /* GBMCameraButton.m */,
			);
			name = Views;
			sourceTree = "<group>";
		};
		9C41AD3C1B82C0F500944CF8 /* Controllers */ = {
			isa = PBXGroup;
			children = (
				9C004E381B84B5C4003F7E50 /* GBMTabBarViewController.h */,
				9C004E391B84B5C4003F7E50 /* GBMTabBarViewController.m */,
				9C4C597C1B860D0B008738BF /* GBMSquareTableViewController.h */,
				9C4C597D1B860D0B008738BF /* GBMSquareTableViewController.m */,
				9C41AD3D1B82C13500944CF8 /* GBMSquareViewController.h */,
				9C41AD3E1B82C13500944CF8 /* GBMSquareViewController.m */,
			);
			name = Controllers;
			sourceTree = "<group>";
		};
/* End PBXGroup section */

/* Begin PBXNativeTarget section */
		9C41ACFA1B82BD3B00944CF8 /* GeekBank150010 */ = {
			isa = PBXNativeTarget;
			buildConfigurationList = 9C41AD1E1B82BD3B00944CF8 /* Build configuration list for PBXNativeTarget "GeekBank150010" */;
			buildPhases = (
				9C41ACF71B82BD3B00944CF8 /* Sources */,
				9C41ACF81B82BD3B00944CF8 /* Frameworks */,
				9C41ACF91B82BD3B00944CF8 /* Resources */,
			);
			buildRules = (
			);
			dependencies = (
			);
			name = GeekBank150010;
			productName = GeekBank150010;
			productReference = 9C41ACFB1B82BD3B00944CF8 /* GeekBank150010.app */;
			productType = "com.apple.product-type.application";
		};
		9C41AD131B82BD3B00944CF8 /* GeekBank150010Tests */ = {
			isa = PBXNativeTarget;
			buildConfigurationList = 9C41AD211B82BD3B00944CF8 /* Build configuration list for PBXNativeTarget "GeekBank150010Tests" */;
			buildPhases = (
				9C41AD101B82BD3B00944CF8 /* Sources */,
				9C41AD111B82BD3B00944CF8 /* Frameworks */,
				9C41AD121B82BD3B00944CF8 /* Resources */,
			);
			buildRules = (
			);
			dependencies = (
				9C41AD161B82BD3B00944CF8 /* PBXTargetDependency */,
			);
			name = GeekBank150010Tests;
			productName = GeekBank150010Tests;
			productReference = 9C41AD141B82BD3B00944CF8 /* GeekBank150010Tests.xctest */;
			productType = "com.apple.product-type.bundle.unit-test";
		};
/* End PBXNativeTarget section */

/* Begin PBXProject section */
		9C41ACF31B82BD3B00944CF8 /* Project object */ = {
			isa = PBXProject;
			attributes = {
				LastUpgradeCheck = 0640;
				ORGANIZATIONNAME = MuRan;
				TargetAttributes = {
					9C41ACFA1B82BD3B00944CF8 = {
						CreatedOnToolsVersion = 6.4;
					};
					9C41AD131B82BD3B00944CF8 = {
						CreatedOnToolsVersion = 6.4;
						TestTargetID = 9C41ACFA1B82BD3B00944CF8;
					};
				};
			};
			buildConfigurationList = 9C41ACF61B82BD3B00944CF8 /* Build configuration list for PBXProject "GeekBank150010" */;
			compatibilityVersion = "Xcode 3.2";
			developmentRegion = English;
			hasScannedForEncodings = 0;
			knownRegions = (
				en,
				Base,
			);
			mainGroup = 9C41ACF21B82BD3B00944CF8;
			productRefGroup = 9C41ACFC1B82BD3B00944CF8 /* Products */;
			projectDirPath = "";
			projectRoot = "";
			targets = (
				9C41ACFA1B82BD3B00944CF8 /* GeekBank150010 */,
				9C41AD131B82BD3B00944CF8 /* GeekBank150010Tests */,
			);
		};
/* End PBXProject section */

/* Begin PBXResourcesBuildPhase section */
		9C41ACF91B82BD3B00944CF8 /* Resources */ = {
			isa = PBXResourcesBuildPhase;
			buildActionMask = 2147483647;
			files = (
				9C41AD0F1B82BD3B00944CF8 /* LaunchScreen.xib in Resources */,
				9C41AD0C1B82BD3B00944CF8 /* Images.xcassets in Resources */,
				9C39E07C1B83697B00BC84C5 /* Main.storyboard in Resources */,
			);
			runOnlyForDeploymentPostprocessing = 0;
		};
		9C41AD121B82BD3B00944CF8 /* Resources */ = {
			isa = PBXResourcesBuildPhase;
			buildActionMask = 2147483647;
			files = (
			);
			runOnlyForDeploymentPostprocessing = 0;
		};
/* End PBXResourcesBuildPhase section */

/* Begin PBXSourcesBuildPhase section */
		9C41ACF71B82BD3B00944CF8 /* Sources */ = {
			isa = PBXSourcesBuildPhase;
			buildActionMask = 2147483647;
			files = (
				9C4C597E1B860D0B008738BF /* GBMSquareTableViewController.m in Sources */,
				9C41AD041B82BD3B00944CF8 /* AppDelegate.m in Sources */,
				9C41AD2B1B82BF0E00944CF8 /* GBMSquareDataModel.m in Sources */,
				9C41AD321B82BFFE00944CF8 /* GBMSquareCollectionView.m in Sources */,
				9C41AD381B82C08000944CF8 /* GBMCameraButton.m in Sources */,
				9C004E051B84B02A003F7E50 /* GBMTabBarButton.m in Sources */,
				9C41AD011B82BD3B00944CF8 /* main.m in Sources */,
				9C41AD2E1B82BF6B00944CF8 /* GBMSquareData.m in Sources */,
				9C004E3A1B84B5C4003F7E50 /* GBMTabBarViewController.m in Sources */,
				9C41AD3F1B82C13500944CF8 /* GBMSquareViewController.m in Sources */,
			);
			runOnlyForDeploymentPostprocessing = 0;
		};
		9C41AD101B82BD3B00944CF8 /* Sources */ = {
			isa = PBXSourcesBuildPhase;
			buildActionMask = 2147483647;
			files = (
				9C41AD1B1B82BD3B00944CF8 /* GeekBank150010Tests.m in Sources */,
			);
			runOnlyForDeploymentPostprocessing = 0;
		};
/* End PBXSourcesBuildPhase section */

/* Begin PBXTargetDependency section */
		9C41AD161B82BD3B00944CF8 /* PBXTargetDependency */ = {
			isa = PBXTargetDependency;
			target = 9C41ACFA1B82BD3B00944CF8 /* GeekBank150010 */;
			targetProxy = 9C41AD151B82BD3B00944CF8 /* PBXContainerItemProxy */;
		};
/* End PBXTargetDependency section */

/* Begin PBXVariantGroup section */
		9C41AD0D1B82BD3B00944CF8 /* LaunchScreen.xib */ = {
			isa = PBXVariantGroup;
			children = (
				9C41AD0E1B82BD3B00944CF8 /* Base */,
			);
			name = LaunchScreen.xib;
			sourceTree = "<group>";
		};
/* End PBXVariantGroup section */

/* Begin XCBuildConfiguration section */
		9C41AD1C1B82BD3B00944CF8 /* Debug */ = {
			isa = XCBuildConfiguration;
			buildSettings = {
				ALWAYS_SEARCH_USER_PATHS = NO;
				CLANG_CXX_LANGUAGE_STANDARD = "gnu++0x";
				CLANG_CXX_LIBRARY = "libc++";
				CLANG_ENABLE_MODULES = YES;
				CLANG_ENABLE_OBJC_ARC = YES;
				CLANG_WARN_BOOL_CONVERSION = YES;
				CLANG_WARN_CONSTANT_CONVERSION = YES;
				CLANG_WARN_DIRECT_OBJC_ISA_USAGE = YES_ERROR;
				CLANG_WARN_EMPTY_BODY = YES;
				CLANG_WARN_ENUM_CONVERSION = YES;
				CLANG_WARN_INT_CONVERSION = YES;
				CLANG_WARN_OBJC_ROOT_CLASS = YES_ERROR;
				CLANG_WARN_UNREACHABLE_CODE = YES;
				CLANG_WARN__DUPLICATE_METHOD_MATCH = YES;
				"CODE_SIGN_IDENTITY[sdk=iphoneos*]" = "iPhone Developer";
				COPY_PHASE_STRIP = NO;
				DEBUG_INFORMATION_FORMAT = "dwarf-with-dsym";
				ENABLE_STRICT_OBJC_MSGSEND = YES;
				GCC_C_LANGUAGE_STANDARD = gnu99;
				GCC_DYNAMIC_NO_PIC = NO;
				GCC_NO_COMMON_BLOCKS = YES;
				GCC_OPTIMIZATION_LEVEL = 0;
				GCC_PREPROCESSOR_DEFINITIONS = (
					"DEBUG=1",
					"$(inherited)",
				);
				GCC_SYMBOLS_PRIVATE_EXTERN = NO;
				GCC_WARN_64_TO_32_BIT_CONVERSION = YES;
				GCC_WARN_ABOUT_RETURN_TYPE = YES_ERROR;
				GCC_WARN_UNDECLARED_SELECTOR = YES;
				GCC_WARN_UNINITIALIZED_AUTOS = YES_AGGRESSIVE;
				GCC_WARN_UNUSED_FUNCTION = YES;
				GCC_WARN_UNUSED_VARIABLE = YES;
				IPHONEOS_DEPLOYMENT_TARGET = 8.4;
				MTL_ENABLE_DEBUG_INFO = YES;
				ONLY_ACTIVE_ARCH = YES;
				SDKROOT = iphoneos;
				TARGETED_DEVICE_FAMILY = "1,2";
			};
			name = Debug;
		};
		9C41AD1D1B82BD3B00944CF8 /* Release */ = {
			isa = XCBuildConfiguration;
			buildSettings = {
				ALWAYS_SEARCH_USER_PATHS = NO;
				CLANG_CXX_LANGUAGE_STANDARD = "gnu++0x";
				CLANG_CXX_LIBRARY = "libc++";
				CLANG_ENABLE_MODULES = YES;
				CLANG_ENABLE_OBJC_ARC = YES;
				CLANG_WARN_BOOL_CONVERSION = YES;
				CLANG_WARN_CONSTANT_CONVERSION = YES;
				CLANG_WARN_DIRECT_OBJC_ISA_USAGE = YES_ERROR;
				CLANG_WARN_EMPTY_BODY = YES;
				CLANG_WARN_ENUM_CONVERSION = YES;
				CLANG_WARN_INT_CONVERSION = YES;
				CLANG_WARN_OBJC_ROOT_CLASS = YES_ERROR;
				CLANG_WARN_UNREACHABLE_CODE = YES;
				CLANG_WARN__DUPLICATE_METHOD_MATCH = YES;
				"CODE_SIGN_IDENTITY[sdk=iphoneos*]" = "iPhone Developer";
				COPY_PHASE_STRIP = NO;
				DEBUG_INFORMATION_FORMAT = "dwarf-with-dsym";
				ENABLE_NS_ASSERTIONS = NO;
				ENABLE_STRICT_OBJC_MSGSEND = YES;
				GCC_C_LANGUAGE_STANDARD = gnu99;
				GCC_NO_COMMON_BLOCKS = YES;
				GCC_WARN_64_TO_32_BIT_CONVERSION = YES;
				GCC_WARN_ABOUT_RETURN_TYPE = YES_ERROR;
				GCC_WARN_UNDECLARED_SELECTOR = YES;
				GCC_WARN_UNINITIALIZED_AUTOS = YES_AGGRESSIVE;
				GCC_WARN_UNUSED_FUNCTION = YES;
				GCC_WARN_UNUSED_VARIABLE = YES;
				IPHONEOS_DEPLOYMENT_TARGET = 8.4;
				MTL_ENABLE_DEBUG_INFO = NO;
				SDKROOT = iphoneos;
				TARGETED_DEVICE_FAMILY = "1,2";
				VALIDATE_PRODUCT = YES;
			};
			name = Release;
		};
		9C41AD1F1B82BD3B00944CF8 /* Debug */ = {
			isa = XCBuildConfiguration;
			buildSettings = {
				ASSETCATALOG_COMPILER_APPICON_NAME = AppIcon;
				INFOPLIST_FILE = GeekBank150010/Info.plist;
				LD_RUNPATH_SEARCH_PATHS = "$(inherited) @executable_path/Frameworks";
				PRODUCT_NAME = "$(TARGET_NAME)";
			};
			name = Debug;
		};
		9C41AD201B82BD3B00944CF8 /* Release */ = {
			isa = XCBuildConfiguration;
			buildSettings = {
				ASSETCATALOG_COMPILER_APPICON_NAME = AppIcon;
				INFOPLIST_FILE = GeekBank150010/Info.plist;
				LD_RUNPATH_SEARCH_PATHS = "$(inherited) @executable_path/Frameworks";
				PRODUCT_NAME = "$(TARGET_NAME)";
			};
			name = Release;
		};
		9C41AD221B82BD3B00944CF8 /* Debug */ = {
			isa = XCBuildConfiguration;
			buildSettings = {
				BUNDLE_LOADER = "$(TEST_HOST)";
				FRAMEWORK_SEARCH_PATHS = (
					"$(SDKROOT)/Developer/Library/Frameworks",
					"$(inherited)",
				);
				GCC_PREPROCESSOR_DEFINITIONS = (
					"DEBUG=1",
					"$(inherited)",
				);
				INFOPLIST_FILE = GeekBank150010Tests/Info.plist;
				LD_RUNPATH_SEARCH_PATHS = "$(inherited) @executable_path/Frameworks @loader_path/Frameworks";
				PRODUCT_NAME = "$(TARGET_NAME)";
				TEST_HOST = "$(BUILT_PRODUCTS_DIR)/GeekBank150010.app/GeekBank150010";
			};
			name = Debug;
		};
		9C41AD231B82BD3B00944CF8 /* Release */ = {
			isa = XCBuildConfiguration;
			buildSettings = {
				BUNDLE_LOADER = "$(TEST_HOST)";
				FRAMEWORK_SEARCH_PATHS = (
					"$(SDKROOT)/Developer/Library/Frameworks",
					"$(inherited)",
				);
				INFOPLIST_FILE = GeekBank150010Tests/Info.plist;
				LD_RUNPATH_SEARCH_PATHS = "$(inherited) @executable_path/Frameworks @loader_path/Frameworks";
				PRODUCT_NAME = "$(TARGET_NAME)";
				TEST_HOST = "$(BUILT_PRODUCTS_DIR)/GeekBank150010.app/GeekBank150010";
			};
			name = Release;
		};
/* End XCBuildConfiguration section */

/* Begin XCConfigurationList section */
		9C41ACF61B82BD3B00944CF8 /* Build configuration list for PBXProject "GeekBank150010" */ = {
			isa = XCConfigurationList;
			buildConfigurations = (
				9C41AD1C1B82BD3B00944CF8 /* Debug */,
				9C41AD1D1B82BD3B00944CF8 /* Release */,
			);
			defaultConfigurationIsVisible = 0;
			defaultConfigurationName = Release;
		};
		9C41AD1E1B82BD3B00944CF8 /* Build configuration list for PBXNativeTarget "GeekBank150010" */ = {
			isa = XCConfigurationList;
			buildConfigurations = (
				9C41AD1F1B82BD3B00944CF8 /* Debug */,
				9C41AD201B82BD3B00944CF8 /* Release */,
			);
			defaultConfigurationIsVisible = 0;
			defaultConfigurationName = Release;
		};
		9C41AD211B82BD3B00944CF8 /* Build configuration list for PBXNativeTarget "GeekBank150010Tests" */ = {
			isa = XCConfigurationList;
			buildConfigurations = (
				9C41AD221B82BD3B00944CF8 /* Debug */,
				9C41AD231B82BD3B00944CF8 /* Release */,
			);
			defaultConfigurationIsVisible = 0;
			defaultConfigurationName = Release;
		};
/* End XCConfigurationList section */
	};
	rootObject = 9C41ACF31B82BD3B00944CF8 /* Project object */;
}
