// !$*UTF8*$!
{
	archiveVersion = 1;
	classes = {
	};
	objectVersion = 46;
	objects = {

/* Begin PBXBuildFile section */
		9C44EB5D1B8028DB00F8164D /* LaunchScreen.xib in Sources */ = {isa = PBXBuildFile; fileRef = 9C44EB5C1B8028DB00F8164D /* LaunchScreen.xib */; };
		9C44EB601B8028DB00F8164D /* AppDelegate.m in Sources */ = {isa = PBXBuildFile; fileRef = 9C44EB5F1B8028DB00F8164D /* AppDelegate.m */; };
		9C44EB681B8028DB00F8164D /* Images.xcassets in Resources */ = {isa = PBXBuildFile; fileRef = 9C44EB671B8028DB00F8164D /* Images.xcassets */; };
		9C44EB771B8028DB00F8164D /* GeekBank150010Tests.m in Sources */ = {isa = PBXBuildFile; fileRef = 9C44EB761B8028DB00F8164D /* GeekBank150010Tests.m */; };
		9C44EB811B802A5E00F8164D /* main.m in Sources */ = {isa = PBXBuildFile; fileRef = 9C44EB801B802A5E00F8164D /* main.m */; };
		9C44EB8A1B802CDB00F8164D /* GBMSquareViewController.m in Sources */ = {isa = PBXBuildFile; fileRef = 9C44EB891B802CDB00F8164D /* GBMSquareViewController.m */; };
		9C44EB8C1B802FBF00F8164D /* Main.storyboard in Resources */ = {isa = PBXBuildFile; fileRef = 9C44EB8B1B802FBF00F8164D /* Main.storyboard */; };
		9C44EB921B803A8400F8164D /* GBMSquareDataModel.m in Sources */ = {isa = PBXBuildFile; fileRef = 9C44EB911B803A8400F8164D /* GBMSquareDataModel.m */; };
		9C44EB941B80405300F8164D /* CoreLocation.framework in Frameworks */ = {isa = PBXBuildFile; fileRef = 9C44EB931B80405300F8164D /* CoreLocation.framework */; };
		9C44EB961B80405A00F8164D /* MapKit.framework in Frameworks */ = {isa = PBXBuildFile; fileRef = 9C44EB951B80405A00F8164D /* MapKit.framework */; };
		9C44EB9A1B804A6C00F8164D /* GBMSquareData.m in Sources */ = {isa = PBXBuildFile; fileRef = 9C44EB991B804A6C00F8164D /* GBMSquareData.m */; };
		9C44EBEE1B80C44100F8164D /* GBMSquareCollectionView.m in Sources */ = {isa = PBXBuildFile; fileRef = 9C44EBED1B80C44100F8164D /* GBMSquareCollectionView.m */; };
		9C65E20C1B82129900FBC558 /* GBMTabBarView.m in Sources */ = {isa = PBXBuildFile; fileRef = 9C65E20B1B82129900FBC558 /* GBMTabBarView.m */; };
		9C65E20F1B82179200FBC558 /* GBMCameraButton.m in Sources */ = {isa = PBXBuildFile; fileRef = 9C65E20E1B82179200FBC558 /* GBMCameraButton.m */; };
/* End PBXBuildFile section */

/* Begin PBXContainerItemProxy section */
		9C44EB711B8028DB00F8164D /* PBXContainerItemProxy */ = {
			isa = PBXContainerItemProxy;
			containerPortal = 9C44EB4F1B8028DB00F8164D /* Project object */;
			proxyType = 1;
			remoteGlobalIDString = 9C44EB561B8028DB00F8164D;
			remoteInfo = GeekBank150010;
		};
/* End PBXContainerItemProxy section */

/* Begin PBXFileReference section */
		9C44EB571B8028DB00F8164D /* GeekBank150010.app */ = {isa = PBXFileReference; explicitFileType = wrapper.application; includeInIndex = 0; path = GeekBank150010.app; sourceTree = BUILT_PRODUCTS_DIR; };
		9C44EB5B1B8028DB00F8164D /* Info.plist */ = {isa = PBXFileReference; lastKnownFileType = text.plist.xml; name = Info.plist; path = SupportingFiles/Info.plist; sourceTree = "<group>"; };
		9C44EB5C1B8028DB00F8164D /* LaunchScreen.xib */ = {isa = PBXFileReference; lastKnownFileType = file.xib; name = LaunchScreen.xib; path = Resources/LaunchScreen.xib; sourceTree = "<group>"; };
		9C44EB5E1B8028DB00F8164D /* AppDelegate.h */ = {isa = PBXFileReference; lastKnownFileType = sourcecode.c.h; name = AppDelegate.h; path = Classes/AppDelegate/AppDelegate.h; sourceTree = "<group>"; };
		9C44EB5F1B8028DB00F8164D /* AppDelegate.m */ = {isa = PBXFileReference; lastKnownFileType = sourcecode.c.objc; name = AppDelegate.m; path = Classes/AppDelegate/AppDelegate.m; sourceTree = "<group>"; };
		9C44EB671B8028DB00F8164D /* Images.xcassets */ = {isa = PBXFileReference; lastKnownFileType = folder.assetcatalog; name = Images.xcassets; path = GeekBank150010/Resources/Images.xcassets; sourceTree = SOURCE_ROOT; };
		9C44EB701B8028DB00F8164D /* GeekBank150010Tests.xctest */ = {isa = PBXFileReference; explicitFileType = wrapper.cfbundle; includeInIndex = 0; path = GeekBank150010Tests.xctest; sourceTree = BUILT_PRODUCTS_DIR; };
		9C44EB751B8028DB00F8164D /* Info.plist */ = {isa = PBXFileReference; lastKnownFileType = text.plist.xml; path = Info.plist; sourceTree = "<group>"; };
		9C44EB761B8028DB00F8164D /* GeekBank150010Tests.m */ = {isa = PBXFileReference; lastKnownFileType = sourcecode.c.objc; path = GeekBank150010Tests.m; sourceTree = "<group>"; };
		9C44EB801B802A5E00F8164D /* main.m */ = {isa = PBXFileReference; fileEncoding = 4; lastKnownFileType = sourcecode.c.objc; name = main.m; path = SupportingFiles/main.m; sourceTree = "<group>"; };
		9C44EB881B802CDB00F8164D /* GBMSquareViewController.h */ = {isa = PBXFileReference; fileEncoding = 4; lastKnownFileType = sourcecode.c.h; name = GBMSquareViewController.h; path = Classes/Controllers/GBMSquareViewController.h; sourceTree = "<group>"; };
		9C44EB891B802CDB00F8164D /* GBMSquareViewController.m */ = {isa = PBXFileReference; fileEncoding = 4; lastKnownFileType = sourcecode.c.objc; name = GBMSquareViewController.m; path = Classes/Controllers/GBMSquareViewController.m; sourceTree = "<group>"; };
		9C44EB8B1B802FBF00F8164D /* Main.storyboard */ = {isa = PBXFileReference; fileEncoding = 4; lastKnownFileType = file.storyboard; name = Main.storyboard; path = Resources/Main.storyboard; sourceTree = "<group>"; };
		9C44EB901B803A8400F8164D /* GBMSquareDataModel.h */ = {isa = PBXFileReference; fileEncoding = 4; lastKnownFileType = sourcecode.c.h; name = GBMSquareDataModel.h; path = Classes/Models/GBMSquareDataModel.h; sourceTree = "<group>"; };
		9C44EB911B803A8400F8164D /* GBMSquareDataModel.m */ = {isa = PBXFileReference; fileEncoding = 4; lastKnownFileType = sourcecode.c.objc; name = GBMSquareDataModel.m; path = Classes/Models/GBMSquareDataModel.m; sourceTree = "<group>"; };
		9C44EB931B80405300F8164D /* CoreLocation.framework */ = {isa = PBXFileReference; lastKnownFileType = wrapper.framework; name = CoreLocation.framework; path = System/Library/Frameworks/CoreLocation.framework; sourceTree = SDKROOT; };
		9C44EB951B80405A00F8164D /* MapKit.framework */ = {isa = PBXFileReference; lastKnownFileType = wrapper.framework; name = MapKit.framework; path = System/Library/Frameworks/MapKit.framework; sourceTree = SDKROOT; };
		9C44EB981B804A6C00F8164D /* GBMSquareData.h */ = {isa = PBXFileReference; fileEncoding = 4; lastKnownFileType = sourcecode.c.h; name = GBMSquareData.h; path = Classes/Parsers/GBMSquareData.h; sourceTree = "<group>"; };
		9C44EB991B804A6C00F8164D /* GBMSquareData.m */ = {isa = PBXFileReference; fileEncoding = 4; lastKnownFileType = sourcecode.c.objc; name = GBMSquareData.m; path = Classes/Parsers/GBMSquareData.m; sourceTree = "<group>"; };
		9C44EBEC1B80C44100F8164D /* GBMSquareCollectionView.h */ = {isa = PBXFileReference; fileEncoding = 4; lastKnownFileType = sourcecode.c.h; name = GBMSquareCollectionView.h; path = Classes/Views/GBMSquareCollectionView.h; sourceTree = "<group>"; };
		9C44EBED1B80C44100F8164D /* GBMSquareCollectionView.m */ = {isa = PBXFileReference; fileEncoding = 4; lastKnownFileType = sourcecode.c.objc; name = GBMSquareCollectionView.m; path = Classes/Views/GBMSquareCollectionView.m; sourceTree = "<group>"; };
		9C65E20A1B82129900FBC558 /* GBMTabBarView.h */ = {isa = PBXFileReference; fileEncoding = 4; lastKnownFileType = sourcecode.c.h; name = GBMTabBarView.h; path = Classes/Views/GBMTabBarView.h; sourceTree = "<group>"; };
		9C65E20B1B82129900FBC558 /* GBMTabBarView.m */ = {isa = PBXFileReference; fileEncoding = 4; lastKnownFileType = sourcecode.c.objc; name = GBMTabBarView.m; path = Classes/Views/GBMTabBarView.m; sourceTree = "<group>"; };
		9C65E20D1B82179200FBC558 /* GBMCameraButton.h */ = {isa = PBXFileReference; fileEncoding = 4; lastKnownFileType = sourcecode.c.h; name = GBMCameraButton.h; path = Classes/Views/GBMCameraButton.h; sourceTree = "<group>"; };
		9C65E20E1B82179200FBC558 /* GBMCameraButton.m */ = {isa = PBXFileReference; fileEncoding = 4; lastKnownFileType = sourcecode.c.objc; name = GBMCameraButton.m; path = Classes/Views/GBMCameraButton.m; sourceTree = "<group>"; };
/* End PBXFileReference section */

/* Begin PBXFrameworksBuildPhase section */
		9C44EB541B8028DB00F8164D /* Frameworks */ = {
			isa = PBXFrameworksBuildPhase;
			buildActionMask = 2147483647;
			files = (
				9C44EB961B80405A00F8164D /* MapKit.framework in Frameworks */,
				9C44EB941B80405300F8164D /* CoreLocation.framework in Frameworks */,
			);
			runOnlyForDeploymentPostprocessing = 0;
		};
		9C44EB6D1B8028DB00F8164D /* Frameworks */ = {
			isa = PBXFrameworksBuildPhase;
			buildActionMask = 2147483647;
			files = (
			);
			runOnlyForDeploymentPostprocessing = 0;
		};
/* End PBXFrameworksBuildPhase section */

/* Begin PBXGroup section */
		9C44EB4E1B8028DB00F8164D = {
			isa = PBXGroup;
			children = (
				9C44EB591B8028DB00F8164D /* GeekBank150010 */,
				9C44EB731B8028DB00F8164D /* GeekBank150010Tests */,
				9C44EB581B8028DB00F8164D /* Products */,
			);
			sourceTree = "<group>";
		};
		9C44EB581B8028DB00F8164D /* Products */ = {
			isa = PBXGroup;
			children = (
				9C44EB571B8028DB00F8164D /* GeekBank150010.app */,
				9C44EB701B8028DB00F8164D /* GeekBank150010Tests.xctest */,
			);
			name = Products;
			sourceTree = "<group>";
		};
		9C44EB591B8028DB00F8164D /* GeekBank150010 */ = {
			isa = PBXGroup;
			children = (
				9C44EB821B802AA500F8164D /* Classes */,
				9C44EB831B802ABC00F8164D /* Resources */,
				9C44EB5A1B8028DB00F8164D /* Supporting Files */,
			);
			path = GeekBank150010;
			sourceTree = "<group>";
		};
		9C44EB5A1B8028DB00F8164D /* Supporting Files */ = {
			isa = PBXGroup;
			children = (
				9C44EB5B1B8028DB00F8164D /* Info.plist */,
				9C44EB801B802A5E00F8164D /* main.m */,
			);
			name = "Supporting Files";
			sourceTree = "<group>";
		};
		9C44EB731B8028DB00F8164D /* GeekBank150010Tests */ = {
			isa = PBXGroup;
			children = (
				9C44EB761B8028DB00F8164D /* GeekBank150010Tests.m */,
				9C44EB741B8028DB00F8164D /* Supporting Files */,
			);
			path = GeekBank150010Tests;
			sourceTree = "<group>";
		};
		9C44EB741B8028DB00F8164D /* Supporting Files */ = {
			isa = PBXGroup;
			children = (
				9C44EB751B8028DB00F8164D /* Info.plist */,
			);
			name = "Supporting Files";
			sourceTree = "<group>";
		};
		9C44EB821B802AA500F8164D /* Classes */ = {
			isa = PBXGroup;
			children = (
				9C44EB971B80408D00F8164D /* Publics */,
				9C44EB9B1B804A7200F8164D /* Parsers */,
				9C44EB851B802B2E00F8164D /* Views */,
				9C44EB861B802B3600F8164D /* Controllers */,
				9C44EB871B802B4700F8164D /* Models */,
				9C44EB841B802AE800F8164D /* AppDelegate */,
			);
			name = Classes;
			sourceTree = "<group>";
		};
		9C44EB831B802ABC00F8164D /* Resources */ = {
			isa = PBXGroup;
			children = (
				9C44EB5C1B8028DB00F8164D /* LaunchScreen.xib */,
				9C44EB671B8028DB00F8164D /* Images.xcassets */,
				9C44EB8B1B802FBF00F8164D /* Main.storyboard */,
			);
			name = Resources;
			sourceTree = "<group>";
		};
		9C44EB841B802AE800F8164D /* AppDelegate */ = {
			isa = PBXGroup;
			children = (
				9C44EB5E1B8028DB00F8164D /* AppDelegate.h */,
				9C44EB5F1B8028DB00F8164D /* AppDelegate.m */,
			);
			name = AppDelegate;
			sourceTree = "<group>";
		};
		9C44EB851B802B2E00F8164D /* Views */ = {
			isa = PBXGroup;
			children = (
				9C44EBEC1B80C44100F8164D /* GBMSquareCollectionView.h */,
				9C44EBED1B80C44100F8164D /* GBMSquareCollectionView.m */,
				9C65E20A1B82129900FBC558 /* GBMTabBarView.h */,
				9C65E20B1B82129900FBC558 /* GBMTabBarView.m */,
				9C65E20D1B82179200FBC558 /* GBMCameraButton.h */,
				9C65E20E1B82179200FBC558 /* GBMCameraButton.m */,
			);
			name = Views;
			sourceTree = "<group>";
		};
		9C44EB861B802B3600F8164D /* Controllers */ = {
			isa = PBXGroup;
			children = (
				9C44EB881B802CDB00F8164D /* GBMSquareViewController.h */,
				9C44EB891B802CDB00F8164D /* GBMSquareViewController.m */,
			);
			name = Controllers;
			sourceTree = "<group>";
		};
		9C44EB871B802B4700F8164D /* Models */ = {
			isa = PBXGroup;
			children = (
				9C44EB901B803A8400F8164D /* GBMSquareDataModel.h */,
				9C44EB911B803A8400F8164D /* GBMSquareDataModel.m */,
			);
			name = Models;
			sourceTree = "<group>";
		};
		9C44EB971B80408D00F8164D /* Publics */ = {
			isa = PBXGroup;
			children = (
				9C44EB951B80405A00F8164D /* MapKit.framework */,
				9C44EB931B80405300F8164D /* CoreLocation.framework */,
			);
			name = Publics;
			sourceTree = "<group>";
		};
		9C44EB9B1B804A7200F8164D /* Parsers */ = {
			isa = PBXGroup;
			children = (
				9C44EB981B804A6C00F8164D /* GBMSquareData.h */,
				9C44EB991B804A6C00F8164D /* GBMSquareData.m */,
			);
			name = Parsers;
			sourceTree = "<group>";
		};
/* End PBXGroup section */

/* Begin PBXNativeTarget section */
		9C44EB561B8028DB00F8164D /* GeekBank150010 */ = {
			isa = PBXNativeTarget;
			buildConfigurationList = 9C44EB7A1B8028DB00F8164D /* Build configuration list for PBXNativeTarget "GeekBank150010" */;
			buildPhases = (
				9C44EB531B8028DB00F8164D /* Sources */,
				9C44EB541B8028DB00F8164D /* Frameworks */,
				9C44EB551B8028DB00F8164D /* Resources */,
			);
			buildRules = (
			);
			dependencies = (
			);
			name = GeekBank150010;
			productName = GeekBank150010;
			productReference = 9C44EB571B8028DB00F8164D /* GeekBank150010.app */;
			productType = "com.apple.product-type.application";
		};
		9C44EB6F1B8028DB00F8164D /* GeekBank150010Tests */ = {
			isa = PBXNativeTarget;
			buildConfigurationList = 9C44EB7D1B8028DB00F8164D /* Build configuration list for PBXNativeTarget "GeekBank150010Tests" */;
			buildPhases = (
				9C44EB6C1B8028DB00F8164D /* Sources */,
				9C44EB6D1B8028DB00F8164D /* Frameworks */,
				9C44EB6E1B8028DB00F8164D /* Resources */,
			);
			buildRules = (
			);
			dependencies = (
				9C44EB721B8028DB00F8164D /* PBXTargetDependency */,
			);
			name = GeekBank150010Tests;
			productName = GeekBank150010Tests;
			productReference = 9C44EB701B8028DB00F8164D /* GeekBank150010Tests.xctest */;
			productType = "com.apple.product-type.bundle.unit-test";
		};
/* End PBXNativeTarget section */

/* Begin PBXProject section */
		9C44EB4F1B8028DB00F8164D /* Project object */ = {
			isa = PBXProject;
			attributes = {
				LastUpgradeCheck = 0640;
				ORGANIZATIONNAME = huangmubin;
				TargetAttributes = {
					9C44EB561B8028DB00F8164D = {
						CreatedOnToolsVersion = 6.4;
					};
					9C44EB6F1B8028DB00F8164D = {
						CreatedOnToolsVersion = 6.4;
						TestTargetID = 9C44EB561B8028DB00F8164D;
					};
				};
			};
			buildConfigurationList = 9C44EB521B8028DB00F8164D /* Build configuration list for PBXProject "GeekBank150010" */;
			compatibilityVersion = "Xcode 3.2";
			developmentRegion = English;
			hasScannedForEncodings = 0;
			knownRegions = (
				en,
				Base,
			);
			mainGroup = 9C44EB4E1B8028DB00F8164D;
			productRefGroup = 9C44EB581B8028DB00F8164D /* Products */;
			projectDirPath = "";
			projectRoot = "";
			targets = (
				9C44EB561B8028DB00F8164D /* GeekBank150010 */,
				9C44EB6F1B8028DB00F8164D /* GeekBank150010Tests */,
			);
		};
/* End PBXProject section */

/* Begin PBXResourcesBuildPhase section */
		9C44EB551B8028DB00F8164D /* Resources */ = {
			isa = PBXResourcesBuildPhase;
			buildActionMask = 2147483647;
			files = (
				9C44EB681B8028DB00F8164D /* Images.xcassets in Resources */,
				9C44EB8C1B802FBF00F8164D /* Main.storyboard in Resources */,
			);
			runOnlyForDeploymentPostprocessing = 0;
		};
		9C44EB6E1B8028DB00F8164D /* Resources */ = {
			isa = PBXResourcesBuildPhase;
			buildActionMask = 2147483647;
			files = (
			);
			runOnlyForDeploymentPostprocessing = 0;
		};
/* End PBXResourcesBuildPhase section */

/* Begin PBXSourcesBuildPhase section */
		9C44EB531B8028DB00F8164D /* Sources */ = {
			isa = PBXSourcesBuildPhase;
			buildActionMask = 2147483647;
			files = (
				9C44EB601B8028DB00F8164D /* AppDelegate.m in Sources */,
				9C44EBEE1B80C44100F8164D /* GBMSquareCollectionView.m in Sources */,
				9C65E20F1B82179200FBC558 /* GBMCameraButton.m in Sources */,
				9C44EB811B802A5E00F8164D /* main.m in Sources */,
				9C44EB921B803A8400F8164D /* GBMSquareDataModel.m in Sources */,
				9C44EB8A1B802CDB00F8164D /* GBMSquareViewController.m in Sources */,
				9C44EB9A1B804A6C00F8164D /* GBMSquareData.m in Sources */,
				9C44EB5D1B8028DB00F8164D /* LaunchScreen.xib in Sources */,
				9C65E20C1B82129900FBC558 /* GBMTabBarView.m in Sources */,
			);
			runOnlyForDeploymentPostprocessing = 0;
		};
		9C44EB6C1B8028DB00F8164D /* Sources */ = {
			isa = PBXSourcesBuildPhase;
			buildActionMask = 2147483647;
			files = (
				9C44EB771B8028DB00F8164D /* GeekBank150010Tests.m in Sources */,
			);
			runOnlyForDeploymentPostprocessing = 0;
		};
/* End PBXSourcesBuildPhase section */

/* Begin PBXTargetDependency section */
		9C44EB721B8028DB00F8164D /* PBXTargetDependency */ = {
			isa = PBXTargetDependency;
			target = 9C44EB561B8028DB00F8164D /* GeekBank150010 */;
			targetProxy = 9C44EB711B8028DB00F8164D /* PBXContainerItemProxy */;
		};
/* End PBXTargetDependency section */

/* Begin XCBuildConfiguration section */
		9C44EB781B8028DB00F8164D /* Debug */ = {
			isa = XCBuildConfiguration;
			buildSettings = {
				ALWAYS_SEARCH_USER_PATHS = NO;
				CLANG_CXX_LANGUAGE_STANDARD = "gnu++0x";
				CLANG_CXX_LIBRARY = "libc++";
				CLANG_ENABLE_MODULES = YES;
				CLANG_ENABLE_OBJC_ARC = YES;
				CLANG_WARN_BOOL_CONVERSION = YES;
				CLANG_WARN_CONSTANT_CONVERSION = YES;
				CLANG_WARN_DIRECT_OBJC_ISA_USAGE = YES_ERROR;
				CLANG_WARN_EMPTY_BODY = YES;
				CLANG_WARN_ENUM_CONVERSION = YES;
				CLANG_WARN_INT_CONVERSION = YES;
				CLANG_WARN_OBJC_ROOT_CLASS = YES_ERROR;
				CLANG_WARN_UNREACHABLE_CODE = YES;
				CLANG_WARN__DUPLICATE_METHOD_MATCH = YES;
				"CODE_SIGN_IDENTITY[sdk=iphoneos*]" = "iPhone Developer";
				COPY_PHASE_STRIP = NO;
				DEBUG_INFORMATION_FORMAT = "dwarf-with-dsym";
				ENABLE_STRICT_OBJC_MSGSEND = YES;
				GCC_C_LANGUAGE_STANDARD = gnu99;
				GCC_DYNAMIC_NO_PIC = NO;
				GCC_NO_COMMON_BLOCKS = YES;
				GCC_OPTIMIZATION_LEVEL = 0;
				GCC_PREPROCESSOR_DEFINITIONS = (
					"DEBUG=1",
					"$(inherited)",
				);
				GCC_SYMBOLS_PRIVATE_EXTERN = NO;
				GCC_WARN_64_TO_32_BIT_CONVERSION = YES;
				GCC_WARN_ABOUT_RETURN_TYPE = YES_ERROR;
				GCC_WARN_UNDECLARED_SELECTOR = YES;
				GCC_WARN_UNINITIALIZED_AUTOS = YES_AGGRESSIVE;
				GCC_WARN_UNUSED_FUNCTION = YES;
				GCC_WARN_UNUSED_VARIABLE = YES;
				IPHONEOS_DEPLOYMENT_TARGET = 8.4;
				MTL_ENABLE_DEBUG_INFO = YES;
				New_Setting = "";
				ONLY_ACTIVE_ARCH = YES;
				SDKROOT = iphoneos;
				TARGETED_DEVICE_FAMILY = "1,2";
			};
			name = Debug;
		};
		9C44EB791B8028DB00F8164D /* Release */ = {
			isa = XCBuildConfiguration;
			buildSettings = {
				ALWAYS_SEARCH_USER_PATHS = NO;
				CLANG_CXX_LANGUAGE_STANDARD = "gnu++0x";
				CLANG_CXX_LIBRARY = "libc++";
				CLANG_ENABLE_MODULES = YES;
				CLANG_ENABLE_OBJC_ARC = YES;
				CLANG_WARN_BOOL_CONVERSION = YES;
				CLANG_WARN_CONSTANT_CONVERSION = YES;
				CLANG_WARN_DIRECT_OBJC_ISA_USAGE = YES_ERROR;
				CLANG_WARN_EMPTY_BODY = YES;
				CLANG_WARN_ENUM_CONVERSION = YES;
				CLANG_WARN_INT_CONVERSION = YES;
				CLANG_WARN_OBJC_ROOT_CLASS = YES_ERROR;
				CLANG_WARN_UNREACHABLE_CODE = YES;
				CLANG_WARN__DUPLICATE_METHOD_MATCH = YES;
				"CODE_SIGN_IDENTITY[sdk=iphoneos*]" = "iPhone Developer";
				COPY_PHASE_STRIP = NO;
				DEBUG_INFORMATION_FORMAT = "dwarf-with-dsym";
				ENABLE_NS_ASSERTIONS = NO;
				ENABLE_STRICT_OBJC_MSGSEND = YES;
				GCC_C_LANGUAGE_STANDARD = gnu99;
				GCC_NO_COMMON_BLOCKS = YES;
				GCC_WARN_64_TO_32_BIT_CONVERSION = YES;
				GCC_WARN_ABOUT_RETURN_TYPE = YES_ERROR;
				GCC_WARN_UNDECLARED_SELECTOR = YES;
				GCC_WARN_UNINITIALIZED_AUTOS = YES_AGGRESSIVE;
				GCC_WARN_UNUSED_FUNCTION = YES;
				GCC_WARN_UNUSED_VARIABLE = YES;
				IPHONEOS_DEPLOYMENT_TARGET = 8.4;
				MTL_ENABLE_DEBUG_INFO = NO;
				New_Setting = "";
				SDKROOT = iphoneos;
				TARGETED_DEVICE_FAMILY = "1,2";
				VALIDATE_PRODUCT = YES;
			};
			name = Release;
		};
		9C44EB7B1B8028DB00F8164D /* Debug */ = {
			isa = XCBuildConfiguration;
			buildSettings = {
				ASSETCATALOG_COMPILER_APPICON_NAME = AppIcon;
				INFOPLIST_FILE = GeekBank150010/SupportingFiles/Info.plist;
				LD_RUNPATH_SEARCH_PATHS = "$(inherited) @executable_path/Frameworks";
				PRODUCT_NAME = "$(TARGET_NAME)";
			};
			name = Debug;
		};
		9C44EB7C1B8028DB00F8164D /* Release */ = {
			isa = XCBuildConfiguration;
			buildSettings = {
				ASSETCATALOG_COMPILER_APPICON_NAME = AppIcon;
				INFOPLIST_FILE = GeekBank150010/SupportingFiles/Info.plist;
				LD_RUNPATH_SEARCH_PATHS = "$(inherited) @executable_path/Frameworks";
				PRODUCT_NAME = "$(TARGET_NAME)";
			};
			name = Release;
		};
		9C44EB7E1B8028DB00F8164D /* Debug */ = {
			isa = XCBuildConfiguration;
			buildSettings = {
				BUNDLE_LOADER = "$(TEST_HOST)";
				FRAMEWORK_SEARCH_PATHS = (
					"$(SDKROOT)/Developer/Library/Frameworks",
					"$(inherited)",
				);
				GCC_PREPROCESSOR_DEFINITIONS = (
					"DEBUG=1",
					"$(inherited)",
				);
				INFOPLIST_FILE = GeekBank150010Tests/Info.plist;
				LD_RUNPATH_SEARCH_PATHS = "$(inherited) @executable_path/Frameworks @loader_path/Frameworks";
				PRODUCT_NAME = "$(TARGET_NAME)";
				TEST_HOST = "$(BUILT_PRODUCTS_DIR)/GeekBank150010.app/GeekBank150010";
			};
			name = Debug;
		};
		9C44EB7F1B8028DB00F8164D /* Release */ = {
			isa = XCBuildConfiguration;
			buildSettings = {
				BUNDLE_LOADER = "$(TEST_HOST)";
				FRAMEWORK_SEARCH_PATHS = (
					"$(SDKROOT)/Developer/Library/Frameworks",
					"$(inherited)",
				);
				INFOPLIST_FILE = GeekBank150010Tests/Info.plist;
				LD_RUNPATH_SEARCH_PATHS = "$(inherited) @executable_path/Frameworks @loader_path/Frameworks";
				PRODUCT_NAME = "$(TARGET_NAME)";
				TEST_HOST = "$(BUILT_PRODUCTS_DIR)/GeekBank150010.app/GeekBank150010";
			};
			name = Release;
		};
/* End XCBuildConfiguration section */

/* Begin XCConfigurationList section */
		9C44EB521B8028DB00F8164D /* Build configuration list for PBXProject "GeekBank150010" */ = {
			isa = XCConfigurationList;
			buildConfigurations = (
				9C44EB781B8028DB00F8164D /* Debug */,
				9C44EB791B8028DB00F8164D /* Release */,
			);
			defaultConfigurationIsVisible = 0;
			defaultConfigurationName = Release;
		};
		9C44EB7A1B8028DB00F8164D /* Build configuration list for PBXNativeTarget "GeekBank150010" */ = {
			isa = XCConfigurationList;
			buildConfigurations = (
				9C44EB7B1B8028DB00F8164D /* Debug */,
				9C44EB7C1B8028DB00F8164D /* Release */,
			);
			defaultConfigurationIsVisible = 0;
			defaultConfigurationName = Release;
		};
		9C44EB7D1B8028DB00F8164D /* Build configuration list for PBXNativeTarget "GeekBank150010Tests" */ = {
			isa = XCConfigurationList;
			buildConfigurations = (
				9C44EB7E1B8028DB00F8164D /* Debug */,
				9C44EB7F1B8028DB00F8164D /* Release */,
			);
			defaultConfigurationIsVisible = 0;
			defaultConfigurationName = Release;
		};
/* End XCConfigurationList section */
	};
	rootObject = 9C44EB4F1B8028DB00F8164D /* Project object */;
}
